// !$*UTF8*$!
{
	archiveVersion = 1;
	classes = {
	};
	objectVersion = 46;
	objects = {

/* Begin PBXBuildFile section */
		A294272D1BAD332400D46B07 /* main.m in Sources */ = {isa = PBXBuildFile; fileRef = A294272C1BAD332400D46B07 /* main.m */; };
		A29427301BAD332400D46B07 /* AppDelegate.m in Sources */ = {isa = PBXBuildFile; fileRef = A294272F1BAD332400D46B07 /* AppDelegate.m */; };
		A29427331BAD332400D46B07 /* ViewController.m in Sources */ = {isa = PBXBuildFile; fileRef = A29427321BAD332400D46B07 /* ViewController.m */; };
		A29427361BAD332400D46B07 /* Main.storyboard in Resources */ = {isa = PBXBuildFile; fileRef = A29427341BAD332400D46B07 /* Main.storyboard */; };
		A29427381BAD332400D46B07 /* Images.xcassets in Resources */ = {isa = PBXBuildFile; fileRef = A29427371BAD332400D46B07 /* Images.xcassets */; };
		A294273B1BAD332400D46B07 /* LaunchScreen.xib in Resources */ = {isa = PBXBuildFile; fileRef = A29427391BAD332400D46B07 /* LaunchScreen.xib */; };
		A29427471BAD332500D46B07 /* jsfxTests.m in Sources */ = {isa = PBXBuildFile; fileRef = A29427461BAD332500D46B07 /* jsfxTests.m */; };
		A29427551BAD391F00D46B07 /* Test2.m in Sources */ = {isa = PBXBuildFile; fileRef = A29427541BAD391F00D46B07 /* Test2.m */; };
/* End PBXBuildFile section */

/* Begin PBXContainerItemProxy section */
		A29427411BAD332500D46B07 /* PBXContainerItemProxy */ = {
			isa = PBXContainerItemProxy;
			containerPortal = A294271F1BAD332400D46B07 /* Project object */;
			proxyType = 1;
			remoteGlobalIDString = A29427261BAD332400D46B07;
			remoteInfo = jsfx;
		};
/* End PBXContainerItemProxy section */

/* Begin PBXFileReference section */
		A29427271BAD332400D46B07 /* jsfx.app */ = {isa = PBXFileReference; explicitFileType = wrapper.application; includeInIndex = 0; path = jsfx.app; sourceTree = BUILT_PRODUCTS_DIR; };
		A294272B1BAD332400D46B07 /* Info.plist */ = {isa = PBXFileReference; lastKnownFileType = text.plist.xml; path = Info.plist; sourceTree = "<group>"; };
		A294272C1BAD332400D46B07 /* main.m */ = {isa = PBXFileReference; lastKnownFileType = sourcecode.c.objc; path = main.m; sourceTree = "<group>"; };
		A294272E1BAD332400D46B07 /* AppDelegate.h */ = {isa = PBXFileReference; lastKnownFileType = sourcecode.c.h; path = AppDelegate.h; sourceTree = "<group>"; };
		A294272F1BAD332400D46B07 /* AppDelegate.m */ = {isa = PBXFileReference; lastKnownFileType = sourcecode.c.objc; path = AppDelegate.m; sourceTree = "<group>"; };
		A29427311BAD332400D46B07 /* ViewController.h */ = {isa = PBXFileReference; lastKnownFileType = sourcecode.c.h; path = ViewController.h; sourceTree = "<group>"; };
		A29427321BAD332400D46B07 /* ViewController.m */ = {isa = PBXFileReference; lastKnownFileType = sourcecode.c.objc; path = ViewController.m; sourceTree = "<group>"; };
		A29427351BAD332400D46B07 /* Base */ = {isa = PBXFileReference; lastKnownFileType = file.storyboard; name = Base; path = Base.lproj/Main.storyboard; sourceTree = "<group>"; };
		A29427371BAD332400D46B07 /* Images.xcassets */ = {isa = PBXFileReference; lastKnownFileType = folder.assetcatalog; path = Images.xcassets; sourceTree = "<group>"; };
		A294273A1BAD332400D46B07 /* Base */ = {isa = PBXFileReference; lastKnownFileType = file.xib; name = Base; path = Base.lproj/LaunchScreen.xib; sourceTree = "<group>"; };
		A29427401BAD332500D46B07 /* jsfxTests.xctest */ = {isa = PBXFileReference; explicitFileType = wrapper.cfbundle; includeInIndex = 0; path = jsfxTests.xctest; sourceTree = BUILT_PRODUCTS_DIR; };
		A29427451BAD332500D46B07 /* Info.plist */ = {isa = PBXFileReference; lastKnownFileType = text.plist.xml; path = Info.plist; sourceTree = "<group>"; };
		A29427461BAD332500D46B07 /* jsfxTests.m */ = {isa = PBXFileReference; lastKnownFileType = sourcecode.c.objc; path = jsfxTests.m; sourceTree = "<group>"; };
		A29427531BAD391F00D46B07 /* Test2.h */ = {isa = PBXFileReference; fileEncoding = 4; lastKnownFileType = sourcecode.c.h; path = Test2.h; sourceTree = "<group>"; };
		A29427541BAD391F00D46B07 /* Test2.m */ = {isa = PBXFileReference; fileEncoding = 4; lastKnownFileType = sourcecode.c.objc; path = Test2.m; sourceTree = "<group>"; };
/* End PBXFileReference section */

/* Begin PBXFrameworksBuildPhase section */
		A29427241BAD332400D46B07 /* Frameworks */ = {
			isa = PBXFrameworksBuildPhase;
			buildActionMask = 2147483647;
			files = (
			);
			runOnlyForDeploymentPostprocessing = 0;
		};
		A294273D1BAD332500D46B07 /* Frameworks */ = {
			isa = PBXFrameworksBuildPhase;
			buildActionMask = 2147483647;
			files = (
			);
			runOnlyForDeploymentPostprocessing = 0;
		};
/* End PBXFrameworksBuildPhase section */

/* Begin PBXGroup section */
		A294271E1BAD332400D46B07 = {
			isa = PBXGroup;
			children = (
				A29427291BAD332400D46B07 /* jsfx */,
				A29427431BAD332500D46B07 /* jsfxTests */,
				A29427281BAD332400D46B07 /* Products */,
			);
			sourceTree = "<group>";
		};
		A29427281BAD332400D46B07 /* Products */ = {
			isa = PBXGroup;
			children = (
				A29427271BAD332400D46B07 /* jsfx.app */,
				A29427401BAD332500D46B07 /* jsfxTests.xctest */,
			);
			name = Products;
			sourceTree = "<group>";
		};
		A29427291BAD332400D46B07 /* jsfx */ = {
			isa = PBXGroup;
			children = (
				A294272E1BAD332400D46B07 /* AppDelegate.h */,
				A294272F1BAD332400D46B07 /* AppDelegate.m */,
				A29427311BAD332400D46B07 /* ViewController.h */,
				A29427321BAD332400D46B07 /* ViewController.m */,
				A29427531BAD391F00D46B07 /* Test2.h */,
				A29427541BAD391F00D46B07 /* Test2.m */,
				A29427341BAD332400D46B07 /* Main.storyboard */,
				A29427371BAD332400D46B07 /* Images.xcassets */,
				A29427391BAD332400D46B07 /* LaunchScreen.xib */,
				A294272A1BAD332400D46B07 /* Supporting Files */,
			);
			path = jsfx;
			sourceTree = "<group>";
		};
		A294272A1BAD332400D46B07 /* Supporting Files */ = {
			isa = PBXGroup;
			children = (
				A294272B1BAD332400D46B07 /* Info.plist */,
				A294272C1BAD332400D46B07 /* main.m */,
			);
			name = "Supporting Files";
			sourceTree = "<group>";
		};
		A29427431BAD332500D46B07 /* jsfxTests */ = {
			isa = PBXGroup;
			children = (
				A29427461BAD332500D46B07 /* jsfxTests.m */,
				A29427441BAD332500D46B07 /* Supporting Files */,
			);
			path = jsfxTests;
			sourceTree = "<group>";
		};
		A29427441BAD332500D46B07 /* Supporting Files */ = {
			isa = PBXGroup;
			children = (
				A29427451BAD332500D46B07 /* Info.plist */,
			);
			name = "Supporting Files";
			sourceTree = "<group>";
		};
/* End PBXGroup section */

/* Begin PBXNativeTarget section */
		A29427261BAD332400D46B07 /* jsfx */ = {
			isa = PBXNativeTarget;
			buildConfigurationList = A294274A1BAD332500D46B07 /* Build configuration list for PBXNativeTarget "jsfx" */;
			buildPhases = (
				A29427231BAD332400D46B07 /* Sources */,
				A29427241BAD332400D46B07 /* Frameworks */,
				A29427251BAD332400D46B07 /* Resources */,
			);
			buildRules = (
			);
			dependencies = (
			);
			name = jsfx;
			productName = jsfx;
			productReference = A29427271BAD332400D46B07 /* jsfx.app */;
			productType = "com.apple.product-type.application";
		};
		A294273F1BAD332500D46B07 /* jsfxTests */ = {
			isa = PBXNativeTarget;
			buildConfigurationList = A294274D1BAD332500D46B07 /* Build configuration list for PBXNativeTarget "jsfxTests" */;
			buildPhases = (
				A294273C1BAD332500D46B07 /* Sources */,
				A294273D1BAD332500D46B07 /* Frameworks */,
				A294273E1BAD332500D46B07 /* Resources */,
			);
			buildRules = (
			);
			dependencies = (
				A29427421BAD332500D46B07 /* PBXTargetDependency */,
			);
			name = jsfxTests;
			productName = jsfxTests;
			productReference = A29427401BAD332500D46B07 /* jsfxTests.xctest */;
			productType = "com.apple.product-type.bundle.unit-test";
		};
/* End PBXNativeTarget section */

/* Begin PBXProject section */
		A294271F1BAD332400D46B07 /* Project object */ = {
			isa = PBXProject;
			attributes = {
				LastUpgradeCheck = 0630;
				ORGANIZATIONNAME = "盛嘉炜";
				TargetAttributes = {
					A29427261BAD332400D46B07 = {
						CreatedOnToolsVersion = 6.3.2;
					};
					A294273F1BAD332500D46B07 = {
						CreatedOnToolsVersion = 6.3.2;
						TestTargetID = A29427261BAD332400D46B07;
					};
				};
			};
			buildConfigurationList = A29427221BAD332400D46B07 /* Build configuration list for PBXProject "jsfx" */;
			compatibilityVersion = "Xcode 3.2";
			developmentRegion = English;
			hasScannedForEncodings = 0;
			knownRegions = (
				en,
				Base,
			);
			mainGroup = A294271E1BAD332400D46B07;
			productRefGroup = A29427281BAD332400D46B07 /* Products */;
			projectDirPath = "";
			projectRoot = "";
			targets = (
				A29427261BAD332400D46B07 /* jsfx */,
				A294273F1BAD332500D46B07 /* jsfxTests */,
			);
		};
/* End PBXProject section */

/* Begin PBXResourcesBuildPhase section */
		A29427251BAD332400D46B07 /* Resources */ = {
			isa = PBXResourcesBuildPhase;
			buildActionMask = 2147483647;
			files = (
				A29427361BAD332400D46B07 /* Main.storyboard in Resources */,
				A294273B1BAD332400D46B07 /* LaunchScreen.xib in Resources */,
				A29427381BAD332400D46B07 /* Images.xcassets in Resources */,
			);
			runOnlyForDeploymentPostprocessing = 0;
		};
		A294273E1BAD332500D46B07 /* Resources */ = {
			isa = PBXResourcesBuildPhase;
			buildActionMask = 2147483647;
			files = (
			);
			runOnlyForDeploymentPostprocessing = 0;
		};
/* End PBXResourcesBuildPhase section */

/* Begin PBXSourcesBuildPhase section */
		A29427231BAD332400D46B07 /* Sources */ = {
			isa = PBXSourcesBuildPhase;
			buildActionMask = 2147483647;
			files = (
				A29427551BAD391F00D46B07 /* Test2.m in Sources */,
				A29427331BAD332400D46B07 /* ViewController.m in Sources */,
				A29427301BAD332400D46B07 /* AppDelegate.m in Sources */,
				A294272D1BAD332400D46B07 /* main.m in Sources */,
			);
			runOnlyForDeploymentPostprocessing = 0;
		};
		A294273C1BAD332500D46B07 /* Sources */ = {
			isa = PBXSourcesBuildPhase;
			buildActionMask = 2147483647;
			files = (
				A29427471BAD332500D46B07 /* jsfxTests.m in Sources */,
			);
			runOnlyForDeploymentPostprocessing = 0;
		};
/* End PBXSourcesBuildPhase section */

/* Begin PBXTargetDependency section */
		A29427421BAD332500D46B07 /* PBXTargetDependency */ = {
			isa = PBXTargetDependency;
			target = A29427261BAD332400D46B07 /* jsfx */;
			targetProxy = A29427411BAD332500D46B07 /* PBXContainerItemProxy */;
		};
/* End PBXTargetDependency section */

/* Begin PBXVariantGroup section */
		A29427341BAD332400D46B07 /* Main.storyboard */ = {
			isa = PBXVariantGroup;
			children = (
				A29427351BAD332400D46B07 /* Base */,
			);
			name = Main.storyboard;
			sourceTree = "<group>";
		};
		A29427391BAD332400D46B07 /* LaunchScreen.xib */ = {
			isa = PBXVariantGroup;
			children = (
				A294273A1BAD332400D46B07 /* Base */,
			);
			name = LaunchScreen.xib;
			sourceTree = "<group>";
		};
/* End PBXVariantGroup section */

/* Begin XCBuildConfiguration section */
		A29427481BAD332500D46B07 /* Debug */ = {
			isa = XCBuildConfiguration;
			buildSettings = {
				ALWAYS_SEARCH_USER_PATHS = NO;
				CLANG_CXX_LANGUAGE_STANDARD = "gnu++0x";
				CLANG_CXX_LIBRARY = "libc++";
				CLANG_ENABLE_MODULES = YES;
				CLANG_ENABLE_OBJC_ARC = YES;
				CLANG_WARN_BOOL_CONVERSION = YES;
				CLANG_WARN_CONSTANT_CONVERSION = YES;
				CLANG_WARN_DIRECT_OBJC_ISA_USAGE = YES_ERROR;
				CLANG_WARN_EMPTY_BODY = YES;
				CLANG_WARN_ENUM_CONVERSION = YES;
				CLANG_WARN_INT_CONVERSION = YES;
				CLANG_WARN_OBJC_ROOT_CLASS = YES_ERROR;
				CLANG_WARN_UNREACHABLE_CODE = YES;
				CLANG_WARN__DUPLICATE_METHOD_MATCH = YES;
				"CODE_SIGN_IDENTITY[sdk=iphoneos*]" = "iPhone Developer";
				COPY_PHASE_STRIP = NO;
				DEBUG_INFORMATION_FORMAT = "dwarf-with-dsym";
				ENABLE_STRICT_OBJC_MSGSEND = YES;
				GCC_C_LANGUAGE_STANDARD = gnu99;
				GCC_DYNAMIC_NO_PIC = NO;
				GCC_NO_COMMON_BLOCKS = YES;
				GCC_OPTIMIZATION_LEVEL = 0;
				GCC_PREPROCESSOR_DEFINITIONS = (
					"DEBUG=1",
					"$(inherited)",
				);
				GCC_SYMBOLS_PRIVATE_EXTERN = NO;
				GCC_WARN_64_TO_32_BIT_CONVERSION = YES;
				GCC_WARN_ABOUT_RETURN_TYPE = YES_ERROR;
				GCC_WARN_UNDECLARED_SELECTOR = YES;
				GCC_WARN_UNINITIALIZED_AUTOS = YES_AGGRESSIVE;
				GCC_WARN_UNUSED_FUNCTION = YES;
				GCC_WARN_UNUSED_VARIABLE = YES;
				IPHONEOS_DEPLOYMENT_TARGET = 8.3;
				MTL_ENABLE_DEBUG_INFO = YES;
				ONLY_ACTIVE_ARCH = YES;
				SDKROOT = iphoneos;
				TARGETED_DEVICE_FAMILY = "1,2";
			};
			name = Debug;
		};
		A29427491BAD332500D46B07 /* Release */ = {
			isa = XCBuildConfiguration;
			buildSettings = {
				ALWAYS_SEARCH_USER_PATHS = NO;
				CLANG_CXX_LANGUAGE_STANDARD = "gnu++0x";
				CLANG_CXX_LIBRARY = "libc++";
				CLANG_ENABLE_MODULES = YES;
				CLANG_ENABLE_OBJC_ARC = YES;
				CLANG_WARN_BOOL_CONVERSION = YES;
				CLANG_WARN_CONSTANT_CONVERSION = YES;
				CLANG_WARN_DIRECT_OBJC_ISA_USAGE = YES_ERROR;
				CLANG_WARN_EMPTY_BODY = YES;
				CLANG_WARN_ENUM_CONVERSION = YES;
				CLANG_WARN_INT_CONVERSION = YES;
				CLANG_WARN_OBJC_ROOT_CLASS = YES_ERROR;
				CLANG_WARN_UNREACHABLE_CODE = YES;
				CLANG_WARN__DUPLICATE_METHOD_MATCH = YES;
				"CODE_SIGN_IDENTITY[sdk=iphoneos*]" = "iPhone Developer";
				COPY_PHASE_STRIP = NO;
				DEBUG_INFORMATION_FORMAT = "dwarf-with-dsym";
				ENABLE_NS_ASSERTIONS = NO;
				ENABLE_STRICT_OBJC_MSGSEND = YES;
				GCC_C_LANGUAGE_STANDARD = gnu99;
				GCC_NO_COMMON_BLOCKS = YES;
				GCC_WARN_64_TO_32_BIT_CONVERSION = YES;
				GCC_WARN_ABOUT_RETURN_TYPE = YES_ERROR;
				GCC_WARN_UNDECLARED_SELECTOR = YES;
				GCC_WARN_UNINITIALIZED_AUTOS = YES_AGGRESSIVE;
				GCC_WARN_UNUSED_FUNCTION = YES;
				GCC_WARN_UNUSED_VARIABLE = YES;
				IPHONEOS_DEPLOYMENT_TARGET = 8.3;
				MTL_ENABLE_DEBUG_INFO = NO;
				SDKROOT = iphoneos;
				TARGETED_DEVICE_FAMILY = "1,2";
				VALIDATE_PRODUCT = YES;
			};
			name = Release;
		};
		A294274B1BAD332500D46B07 /* Debug */ = {
			isa = XCBuildConfiguration;
			buildSettings = {
				ASSETCATALOG_COMPILER_APPICON_NAME = AppIcon;
				INFOPLIST_FILE = jsfx/Info.plist;
				LD_RUNPATH_SEARCH_PATHS = "$(inherited) @executable_path/Frameworks";
				PRODUCT_NAME = "$(TARGET_NAME)";
			};
			name = Debug;
		};
		A294274C1BAD332500D46B07 /* Release */ = {
			isa = XCBuildConfiguration;
			buildSettings = {
				ASSETCATALOG_COMPILER_APPICON_NAME = AppIcon;
				INFOPLIST_FILE = jsfx/Info.plist;
				LD_RUNPATH_SEARCH_PATHS = "$(inherited) @executable_path/Frameworks";
				PRODUCT_NAME = "$(TARGET_NAME)";
			};
			name = Release;
		};
		A294274E1BAD332500D46B07 /* Debug */ = {
			isa = XCBuildConfiguration;
			buildSettings = {
				BUNDLE_LOADER = "$(TEST_HOST)";
				FRAMEWORK_SEARCH_PATHS = (
					"$(SDKROOT)/Developer/Library/Frameworks",
					"$(inherited)",
				);
				GCC_PREPROCESSOR_DEFINITIONS = (
					"DEBUG=1",
					"$(inherited)",
				);
				INFOPLIST_FILE = jsfxTests/Info.plist;
				LD_RUNPATH_SEARCH_PATHS = "$(inherited) @executable_path/Frameworks @loader_path/Frameworks";
				PRODUCT_NAME = "$(TARGET_NAME)";
				TEST_HOST = "$(BUILT_PRODUCTS_DIR)/jsfx.app/jsfx";
			};
			name = Debug;
		};
		A294274F1BAD332500D46B07 /* Release */ = {
			isa = XCBuildConfiguration;
			buildSettings = {
				BUNDLE_LOADER = "$(TEST_HOST)";
				FRAMEWORK_SEARCH_PATHS = (
					"$(SDKROOT)/Developer/Library/Frameworks",
					"$(inherited)",
				);
				INFOPLIST_FILE = jsfxTests/Info.plist;
				LD_RUNPATH_SEARCH_PATHS = "$(inherited) @executable_path/Frameworks @loader_path/Frameworks";
				PRODUCT_NAME = "$(TARGET_NAME)";
				TEST_HOST = "$(BUILT_PRODUCTS_DIR)/jsfx.app/jsfx";
			};
			name = Release;
		};
/* End XCBuildConfiguration section */

/* Begin XCConfigurationList section */
		A29427221BAD332400D46B07 /* Build configuration list for PBXProject "jsfx" */ = {
			isa = XCConfigurationList;
			buildConfigurations = (
				A29427481BAD332500D46B07 /* Debug */,
				A29427491BAD332500D46B07 /* Release */,
			);
			defaultConfigurationIsVisible = 0;
			defaultConfigurationName = Release;
		};
		A294274A1BAD332500D46B07 /* Build configuration list for PBXNativeTarget "jsfx" */ = {
			isa = XCConfigurationList;
			buildConfigurations = (
				A294274B1BAD332500D46B07 /* Debug */,
				A294274C1BAD332500D46B07 /* Release */,
			);
			defaultConfigurationIsVisible = 0;
			defaultConfigurationName = Release;
		};
		A294274D1BAD332500D46B07 /* Build configuration list for PBXNativeTarget "jsfxTests" */ = {
			isa = XCConfigurationList;
			buildConfigurations = (
				A294274E1BAD332500D46B07 /* Debug */,
				A294274F1BAD332500D46B07 /* Release */,
			);
			defaultConfigurationIsVisible = 0;
			defaultConfigurationName = Release;
		};
/* End XCConfigurationList section */
	};
	rootObject = A294271F1BAD332400D46B07 /* Project object */;
}
